
Microsoft Visual Studio Solution File, Format Version 12.00
# Visual Studio Version 17
VisualStudioVersion = 17.3.32929.385
MinimumVisualStudioVersion = 10.0.40219.1
Project("{FAE04EC0-301F-11D3-BF4B-00C04F79EFBC}") = "ConsoleApp5", "ConsoleApp5.csproj", "{A33B595B-45F2-4E00-9715-34099EF62AED}"
EndProject
Global
	GlobalSection(SolutionConfigurationPlatforms) = preSolution
		Debug|Any CPU = Debug|Any CPU
		Release|Any CPU = Release|Any CPU
	EndGlobalSection
	GlobalSection(ProjectConfigurationPlatforms) = postSolution
		{A33B595B-45F2-4E00-9715-34099EF62AED}.Debug|Any CPU.ActiveCfg = Debug|Any CPU
		{A33B595B-45F2-4E00-9715-34099EF62AED}.Debug|Any CPU.Build.0 = Debug|Any CPU
		{A33B595B-45F2-4E00-9715-34099EF62AED}.Release|Any CPU.ActiveCfg = Release|Any CPU
		{A33B595B-45F2-4E00-9715-34099EF62AED}.Release|Any CPU.Build.0 = Release|Any CPU
	EndGlobalSection
	GlobalSection(SolutionProperties) = preSolution
		HideSolutionNode = FALSE
	EndGlobalSection
	GlobalSection(ExtensibilityGlobals) = postSolution
		SolutionGuid = {562CF0DB-FFA9-4761-A143-41B5A2CDA91B}
	EndGlobalSection
EndGlobal
